
Microsoft Visual Studio Solution File, Format Version 12.00
# Visual Studio Version 16
VisualStudioVersion = 16.0.29806.167
MinimumVisualStudioVersion = 10.0.40219.1
Project("{FAE04EC0-301F-11D3-BF4B-00C04F79EFBC}") = "SimpleAPI", "SimpleAPI\SimpleAPI.csproj", "{C4B3457D-A0FD-4022-9C98-AABAC6BF6FAF}"
EndProject
Global
	GlobalSection(SolutionConfigurationPlatforms) = preSolution
		Debug|Any CPU = Debug|Any CPU
		Release|Any CPU = Release|Any CPU
	EndGlobalSection
	GlobalSection(ProjectConfigurationPlatforms) = postSolution
		{C4B3457D-A0FD-4022-9C98-AABAC6BF6FAF}.Debug|Any CPU.ActiveCfg = Debug|Any CPU
		{C4B3457D-A0FD-4022-9C98-AABAC6BF6FAF}.Debug|Any CPU.Build.0 = Debug|Any CPU
		{C4B3457D-A0FD-4022-9C98-AABAC6BF6FAF}.Release|Any CPU.ActiveCfg = Release|Any CPU
		{C4B3457D-A0FD-4022-9C98-AABAC6BF6FAF}.Release|Any CPU.Build.0 = Release|Any CPU
	EndGlobalSection
	GlobalSection(SolutionProperties) = preSolution
		HideSolutionNode = FALSE
	EndGlobalSection
	GlobalSection(ExtensibilityGlobals) = postSolution
		SolutionGuid = {76737A26-6DB7-4061-BBD2-216FEEDEE926}
	EndGlobalSection
EndGlobal
